
Microsoft Visual Studio Solution File, Format Version 12.00
# Visual Studio Version 16
VisualStudioVersion = 16.0.31702.278
MinimumVisualStudioVersion = 10.0.40219.1
Project("{FAE04EC0-301F-11D3-BF4B-00C04F79EFBC}") = "CursValutar_z1.UWP", "CursValutar_z1\CursValutar_z1.UWP\CursValutar_z1.UWP.csproj", "{B099AE2D-0ED7-433D-9C6D-4783C05CAFB8}"
EndProject
Project("{FAE04EC0-301F-11D3-BF4B-00C04F79EFBC}") = "CursValutar_z1.Android", "CursValutar_z1\CursValutar_z1.Android\CursValutar_z1.Android.csproj", "{124889B4-5272-4E08-9441-2C9CD684C41E}"
EndProject
Project("{FAE04EC0-301F-11D3-BF4B-00C04F79EFBC}") = "CursValutar_z1.iOS", "CursValutar_z1\CursValutar_z1.iOS\CursValutar_z1.iOS.csproj", "{15B59B0D-B793-4AA0-9B90-05D5F8F47783}"
EndProject
Project("{FAE04EC0-301F-11D3-BF4B-00C04F79EFBC}") = "CursValutar_z1", "CursValutar_z1\CursValutar_z1\CursValutar_z1.csproj", "{6438FD0E-81A3-41C2-912F-D6BEB256C74E}"
EndProject
Global
	GlobalSection(SolutionConfigurationPlatforms) = preSolution
		Debug|Any CPU = Debug|Any CPU
		Debug|ARM = Debug|ARM
		Debug|iPhone = Debug|iPhone
		Debug|iPhoneSimulator = Debug|iPhoneSimulator
		Debug|x64 = Debug|x64
		Debug|x86 = Debug|x86
		Release|Any CPU = Release|Any CPU
		Release|ARM = Release|ARM
		Release|iPhone = Release|iPhone
		Release|iPhoneSimulator = Release|iPhoneSimulator
		Release|x64 = Release|x64
		Release|x86 = Release|x86
	EndGlobalSection
	GlobalSection(ProjectConfigurationPlatforms) = postSolution
		{B099AE2D-0ED7-433D-9C6D-4783C05CAFB8}.Debug|Any CPU.ActiveCfg = Debug|x86
		{B099AE2D-0ED7-433D-9C6D-4783C05CAFB8}.Debug|Any CPU.Build.0 = Debug|x86
		{B099AE2D-0ED7-433D-9C6D-4783C05CAFB8}.Debug|Any CPU.Deploy.0 = Debug|x86
		{B099AE2D-0ED7-433D-9C6D-4783C05CAFB8}.Debug|ARM.ActiveCfg = Debug|ARM
		{B099AE2D-0ED7-433D-9C6D-4783C05CAFB8}.Debug|ARM.Build.0 = Debug|ARM
		{B099AE2D-0ED7-433D-9C6D-4783C05CAFB8}.Debug|ARM.Deploy.0 = Debug|ARM
		{B099AE2D-0ED7-433D-9C6D-4783C05CAFB8}.Debug|iPhone.ActiveCfg = Debug|x86
		{B099AE2D-0ED7-433D-9C6D-4783C05CAFB8}.Debug|iPhone.Build.0 = Debug|x86
		{B099AE2D-0ED7-433D-9C6D-4783C05CAFB8}.Debug|iPhone.Deploy.0 = Debug|x86
		{B099AE2D-0ED7-433D-9C6D-4783C05CAFB8}.Debug|iPhoneSimulator.ActiveCfg = Debug|x86
		{B099AE2D-0ED7-433D-9C6D-4783C05CAFB8}.Debug|iPhoneSimulator.Build.0 = Debug|x86
		{B099AE2D-0ED7-433D-9C6D-4783C05CAFB8}.Debug|iPhoneSimulator.Deploy.0 = Debug|x86
		{B099AE2D-0ED7-433D-9C6D-4783C05CAFB8}.Debug|x64.ActiveCfg = Debug|x64
		{B099AE2D-0ED7-433D-9C6D-4783C05CAFB8}.Debug|x64.Build.0 = Debug|x64
		{B099AE2D-0ED7-433D-9C6D-4783C05CAFB8}.Debug|x64.Deploy.0 = Debug|x64
		{B099AE2D-0ED7-433D-9C6D-4783C05CAFB8}.Debug|x86.ActiveCfg = Debug|x86
		{B099AE2D-0ED7-433D-9C6D-4783C05CAFB8}.Debug|x86.Build.0 = Debug|x86
		{B099AE2D-0ED7-433D-9C6D-4783C05CAFB8}.Debug|x86.Deploy.0 = Debug|x86
		{B099AE2D-0ED7-433D-9C6D-4783C05CAFB8}.Release|Any CPU.ActiveCfg = Release|x86
		{B099AE2D-0ED7-433D-9C6D-4783C05CAFB8}.Release|Any CPU.Build.0 = Release|x86
		{B099AE2D-0ED7-433D-9C6D-4783C05CAFB8}.Release|Any CPU.Deploy.0 = Release|x86
		{B099AE2D-0ED7-433D-9C6D-4783C05CAFB8}.Release|ARM.ActiveCfg = Release|ARM
		{B099AE2D-0ED7-433D-9C6D-4783C05CAFB8}.Release|ARM.Build.0 = Release|ARM
		{B099AE2D-0ED7-433D-9C6D-4783C05CAFB8}.Release|ARM.Deploy.0 = Release|ARM
		{B099AE2D-0ED7-433D-9C6D-4783C05CAFB8}.Release|iPhone.ActiveCfg = Release|x86
		{B099AE2D-0ED7-433D-9C6D-4783C05CAFB8}.Release|iPhone.Build.0 = Release|x86
		{B099AE2D-0ED7-433D-9C6D-4783C05CAFB8}.Release|iPhone.Deploy.0 = Release|x86
		{B099AE2D-0ED7-433D-9C6D-4783C05CAFB8}.Release|iPhoneSimulator.ActiveCfg = Release|x86
		{B099AE2D-0ED7-433D-9C6D-4783C05CAFB8}.Release|iPhoneSimulator.Build.0 = Release|x86
		{B099AE2D-0ED7-433D-9C6D-4783C05CAFB8}.Release|iPhoneSimulator.Deploy.0 = Release|x86
		{B099AE2D-0ED7-433D-9C6D-4783C05CAFB8}.Release|x64.ActiveCfg = Release|x64
		{B099AE2D-0ED7-433D-9C6D-4783C05CAFB8}.Release|x64.Build.0 = Release|x64
		{B099AE2D-0ED7-433D-9C6D-4783C05CAFB8}.Release|x64.Deploy.0 = Release|x64
		{B099AE2D-0ED7-433D-9C6D-4783C05CAFB8}.Release|x86.ActiveCfg = Release|x86
		{B099AE2D-0ED7-433D-9C6D-4783C05CAFB8}.Release|x86.Build.0 = Release|x86
		{B099AE2D-0ED7-433D-9C6D-4783C05CAFB8}.Release|x86.Deploy.0 = Release|x86
		{124889B4-5272-4E08-9441-2C9CD684C41E}.Debug|Any CPU.ActiveCfg = Debug|Any CPU
		{124889B4-5272-4E08-9441-2C9CD684C41E}.Debug|Any CPU.Build.0 = Debug|Any CPU
		{124889B4-5272-4E08-9441-2C9CD684C41E}.Debug|Any CPU.Deploy.0 = Debug|Any CPU
		{124889B4-5272-4E08-9441-2C9CD684C41E}.Debug|ARM.ActiveCfg = Debug|Any CPU
		{124889B4-5272-4E08-9441-2C9CD684C41E}.Debug|ARM.Build.0 = Debug|Any CPU
		{124889B4-5272-4E08-9441-2C9CD684C41E}.Debug|ARM.Deploy.0 = Debug|Any CPU
		{124889B4-5272-4E08-9441-2C9CD684C41E}.Debug|iPhone.ActiveCfg = Debug|Any CPU
		{124889B4-5272-4E08-9441-2C9CD684C41E}.Debug|iPhone.Build.0 = Debug|Any CPU
		{124889B4-5272-4E08-9441-2C9CD684C41E}.Debug|iPhone.Deploy.0 = Debug|Any CPU
		{124889B4-5272-4E08-9441-2C9CD684C41E}.Debug|iPhoneSimulator.ActiveCfg = Debug|Any CPU
		{124889B4-5272-4E08-9441-2C9CD684C41E}.Debug|iPhoneSimulator.Build.0 = Debug|Any CPU
		{124889B4-5272-4E08-9441-2C9CD684C41E}.Debug|iPhoneSimulator.Deploy.0 = Debug|Any CPU
		{124889B4-5272-4E08-9441-2C9CD684C41E}.Debug|x64.ActiveCfg = Debug|Any CPU
		{124889B4-5272-4E08-9441-2C9CD684C41E}.Debug|x64.Build.0 = Debug|Any CPU
		{124889B4-5272-4E08-9441-2C9CD684C41E}.Debug|x64.Deploy.0 = Debug|Any CPU
		{124889B4-5272-4E08-9441-2C9CD684C41E}.Debug|x86.ActiveCfg = Debug|Any CPU
		{124889B4-5272-4E08-9441-2C9CD684C41E}.Debug|x86.Build.0 = Debug|Any CPU
		{124889B4-5272-4E08-9441-2C9CD684C41E}.Debug|x86.Deploy.0 = Debug|Any CPU
		{124889B4-5272-4E08-9441-2C9CD684C41E}.Release|Any CPU.ActiveCfg = Release|Any CPU
		{124889B4-5272-4E08-9441-2C9CD684C41E}.Release|Any CPU.Build.0 = Release|Any CPU
		{124889B4-5272-4E08-9441-2C9CD684C41E}.Release|Any CPU.Deploy.0 = Release|Any CPU
		{124889B4-5272-4E08-9441-2C9CD684C41E}.Release|ARM.ActiveCfg = Release|Any CPU
		{124889B4-5272-4E08-9441-2C9CD684C41E}.Release|ARM.Build.0 = Release|Any CPU
		{124889B4-5272-4E08-9441-2C9CD684C41E}.Release|ARM.Deploy.0 = Release|Any CPU
		{124889B4-5272-4E08-9441-2C9CD684C41E}.Release|iPhone.ActiveCfg = Release|Any CPU
		{124889B4-5272-4E08-9441-2C9CD684C41E}.Release|iPhone.Build.0 = Release|Any CPU
		{124889B4-5272-4E08-9441-2C9CD684C41E}.Release|iPhone.Deploy.0 = Release|Any CPU
		{124889B4-5272-4E08-9441-2C9CD684C41E}.Release|iPhoneSimulator.ActiveCfg = Release|Any CPU
		{124889B4-5272-4E08-9441-2C9CD684C41E}.Release|iPhoneSimulator.Build.0 = Release|Any CPU
		{124889B4-5272-4E08-9441-2C9CD684C41E}.Release|iPhoneSimulator.Deploy.0 = Release|Any CPU
		{124889B4-5272-4E08-9441-2C9CD684C41E}.Release|x64.ActiveCfg = Release|Any CPU
		{124889B4-5272-4E08-9441-2C9CD684C41E}.Release|x64.Build.0 = Release|Any CPU
		{124889B4-5272-4E08-9441-2C9CD684C41E}.Release|x64.Deploy.0 = Release|Any CPU
		{124889B4-5272-4E08-9441-2C9CD684C41E}.Release|x86.ActiveCfg = Release|Any CPU
		{124889B4-5272-4E08-9441-2C9CD684C41E}.Release|x86.Build.0 = Release|Any CPU
		{124889B4-5272-4E08-9441-2C9CD684C41E}.Release|x86.Deploy.0 = Release|Any CPU
		{15B59B0D-B793-4AA0-9B90-05D5F8F47783}.Debug|Any CPU.ActiveCfg = Debug|iPhoneSimulator
		{15B59B0D-B793-4AA0-9B90-05D5F8F47783}.Debug|Any CPU.Build.0 = Debug|iPhoneSimulator
		{15B59B0D-B793-4AA0-9B90-05D5F8F47783}.Debug|Any CPU.Deploy.0 = Debug|iPhoneSimulator
		{15B59B0D-B793-4AA0-9B90-05D5F8F47783}.Debug|ARM.ActiveCfg = Debug|iPhone
		{15B59B0D-B793-4AA0-9B90-05D5F8F47783}.Debug|ARM.Build.0 = Debug|iPhone
		{15B59B0D-B793-4AA0-9B90-05D5F8F47783}.Debug|ARM.Deploy.0 = Debug|iPhone
		{15B59B0D-B793-4AA0-9B90-05D5F8F47783}.Debug|iPhone.ActiveCfg = Debug|iPhone
		{15B59B0D-B793-4AA0-9B90-05D5F8F47783}.Debug|iPhone.Build.0 = Debug|iPhone
		{15B59B0D-B793-4AA0-9B90-05D5F8F47783}.Debug|iPhone.Deploy.0 = Debug|iPhone
		{15B59B0D-B793-4AA0-9B90-05D5F8F47783}.Debug|iPhoneSimulator.ActiveCfg = Debug|iPhoneSimulator
		{15B59B0D-B793-4AA0-9B90-05D5F8F47783}.Debug|iPhoneSimulator.Build.0 = Debug|iPhoneSimulator
		{15B59B0D-B793-4AA0-9B90-05D5F8F47783}.Debug|iPhoneSimulator.Deploy.0 = Debug|iPhoneSimulator
		{15B59B0D-B793-4AA0-9B90-05D5F8F47783}.Debug|x64.ActiveCfg = Debug|iPhoneSimulator
		{15B59B0D-B793-4AA0-9B90-05D5F8F47783}.Debug|x64.Build.0 = Debug|iPhoneSimulator
		{15B59B0D-B793-4AA0-9B90-05D5F8F47783}.Debug|x64.Deploy.0 = Debug|iPhoneSimulator
		{15B59B0D-B793-4AA0-9B90-05D5F8F47783}.Debug|x86.ActiveCfg = Debug|iPhoneSimulator
		{15B59B0D-B793-4AA0-9B90-05D5F8F47783}.Debug|x86.Build.0 = Debug|iPhoneSimulator
		{15B59B0D-B793-4AA0-9B90-05D5F8F47783}.Debug|x86.Deploy.0 = Debug|iPhoneSimulator
		{15B59B0D-B793-4AA0-9B90-05D5F8F47783}.Release|Any CPU.ActiveCfg = Release|iPhoneSimulator
		{15B59B0D-B793-4AA0-9B90-05D5F8F47783}.Release|Any CPU.Build.0 = Release|iPhoneSimulator
		{15B59B0D-B793-4AA0-9B90-05D5F8F47783}.Release|Any CPU.Deploy.0 = Release|iPhoneSimulator
		{15B59B0D-B793-4AA0-9B90-05D5F8F47783}.Release|ARM.ActiveCfg = Release|iPhoneSimulator
		{15B59B0D-B793-4AA0-9B90-05D5F8F47783}.Release|ARM.Build.0 = Release|iPhoneSimulator
		{15B59B0D-B793-4AA0-9B90-05D5F8F47783}.Release|ARM.Deploy.0 = Release|iPhoneSimulator
		{15B59B0D-B793-4AA0-9B90-05D5F8F47783}.Release|iPhone.ActiveCfg = Release|iPhone
		{15B59B0D-B793-4AA0-9B90-05D5F8F47783}.Release|iPhone.Build.0 = Release|iPhone
		{15B59B0D-B793-4AA0-9B90-05D5F8F47783}.Release|iPhone.Deploy.0 = Release|iPhone
		{15B59B0D-B793-4AA0-9B90-05D5F8F47783}.Release|iPhoneSimulator.ActiveCfg = Release|iPhoneSimulator
		{15B59B0D-B793-4AA0-9B90-05D5F8F47783}.Release|iPhoneSimulator.Build.0 = Release|iPhoneSimulator
		{15B59B0D-B793-4AA0-9B90-05D5F8F47783}.Release|iPhoneSimulator.Deploy.0 = Release|iPhoneSimulator
		{15B59B0D-B793-4AA0-9B90-05D5F8F47783}.Release|x64.ActiveCfg = Release|iPhoneSimulator
		{15B59B0D-B793-4AA0-9B90-05D5F8F47783}.Release|x64.Build.0 = Release|iPhoneSimulator
		{15B59B0D-B793-4AA0-9B90-05D5F8F47783}.Release|x64.Deploy.0 = Release|iPhoneSimulator
		{15B59B0D-B793-4AA0-9B90-05D5F8F47783}.Release|x86.ActiveCfg = Release|iPhoneSimulator
		{15B59B0D-B793-4AA0-9B90-05D5F8F47783}.Release|x86.Build.0 = Release|iPhoneSimulator
		{15B59B0D-B793-4AA0-9B90-05D5F8F47783}.Release|x86.Deploy.0 = Release|iPhoneSimulator
		{6438FD0E-81A3-41C2-912F-D6BEB256C74E}.Debug|Any CPU.ActiveCfg = Debug|Any CPU
		{6438FD0E-81A3-41C2-912F-D6BEB256C74E}.Debug|Any CPU.Build.0 = Debug|Any CPU
		{6438FD0E-81A3-41C2-912F-D6BEB256C74E}.Debug|Any CPU.Deploy.0 = Debug|Any CPU
		{6438FD0E-81A3-41C2-912F-D6BEB256C74E}.Debug|ARM.ActiveCfg = Debug|Any CPU
		{6438FD0E-81A3-41C2-912F-D6BEB256C74E}.Debug|ARM.Build.0 = Debug|Any CPU
		{6438FD0E-81A3-41C2-912F-D6BEB256C74E}.Debug|ARM.Deploy.0 = Debug|Any CPU
		{6438FD0E-81A3-41C2-912F-D6BEB256C74E}.Debug|iPhone.ActiveCfg = Debug|Any CPU
		{6438FD0E-81A3-41C2-912F-D6BEB256C74E}.Debug|iPhone.Build.0 = Debug|Any CPU
		{6438FD0E-81A3-41C2-912F-D6BEB256C74E}.Debug|iPhone.Deploy.0 = Debug|Any CPU
		{6438FD0E-81A3-41C2-912F-D6BEB256C74E}.Debug|iPhoneSimulator.ActiveCfg = Debug|Any CPU
		{6438FD0E-81A3-41C2-912F-D6BEB256C74E}.Debug|iPhoneSimulator.Build.0 = Debug|Any CPU
		{6438FD0E-81A3-41C2-912F-D6BEB256C74E}.Debug|iPhoneSimulator.Deploy.0 = Debug|Any CPU
		{6438FD0E-81A3-41C2-912F-D6BEB256C74E}.Debug|x64.ActiveCfg = Debug|Any CPU
		{6438FD0E-81A3-41C2-912F-D6BEB256C74E}.Debug|x64.Build.0 = Debug|Any CPU
		{6438FD0E-81A3-41C2-912F-D6BEB256C74E}.Debug|x64.Deploy.0 = Debug|Any CPU
		{6438FD0E-81A3-41C2-912F-D6BEB256C74E}.Debug|x86.ActiveCfg = Debug|Any CPU
		{6438FD0E-81A3-41C2-912F-D6BEB256C74E}.Debug|x86.Build.0 = Debug|Any CPU
		{6438FD0E-81A3-41C2-912F-D6BEB256C74E}.Debug|x86.Deploy.0 = Debug|Any CPU
		{6438FD0E-81A3-41C2-912F-D6BEB256C74E}.Release|Any CPU.ActiveCfg = Release|Any CPU
		{6438FD0E-81A3-41C2-912F-D6BEB256C74E}.Release|Any CPU.Build.0 = Release|Any CPU
		{6438FD0E-81A3-41C2-912F-D6BEB256C74E}.Release|Any CPU.Deploy.0 = Release|Any CPU
		{6438FD0E-81A3-41C2-912F-D6BEB256C74E}.Release|ARM.ActiveCfg = Release|Any CPU
		{6438FD0E-81A3-41C2-912F-D6BEB256C74E}.Release|ARM.Build.0 = Release|Any CPU
		{6438FD0E-81A3-41C2-912F-D6BEB256C74E}.Release|ARM.Deploy.0 = Release|Any CPU
		{6438FD0E-81A3-41C2-912F-D6BEB256C74E}.Release|iPhone.ActiveCfg = Release|Any CPU
		{6438FD0E-81A3-41C2-912F-D6BEB256C74E}.Release|iPhone.Build.0 = Release|Any CPU
		{6438FD0E-81A3-41C2-912F-D6BEB256C74E}.Release|iPhone.Deploy.0 = Release|Any CPU
		{6438FD0E-81A3-41C2-912F-D6BEB256C74E}.Release|iPhoneSimulator.ActiveCfg = Release|Any CPU
		{6438FD0E-81A3-41C2-912F-D6BEB256C74E}.Release|iPhoneSimulator.Build.0 = Release|Any CPU
		{6438FD0E-81A3-41C2-912F-D6BEB256C74E}.Release|iPhoneSimulator.Deploy.0 = Release|Any CPU
		{6438FD0E-81A3-41C2-912F-D6BEB256C74E}.Release|x64.ActiveCfg = Release|Any CPU
		{6438FD0E-81A3-41C2-912F-D6BEB256C74E}.Release|x64.Build.0 = Release|Any CPU
		{6438FD0E-81A3-41C2-912F-D6BEB256C74E}.Release|x64.Deploy.0 = Release|Any CPU
		{6438FD0E-81A3-41C2-912F-D6BEB256C74E}.Release|x86.ActiveCfg = Release|Any CPU
		{6438FD0E-81A3-41C2-912F-D6BEB256C74E}.Release|x86.Build.0 = Release|Any CPU
		{6438FD0E-81A3-41C2-912F-D6BEB256C74E}.Release|x86.Deploy.0 = Release|Any CPU
	EndGlobalSection
	GlobalSection(SolutionProperties) = preSolution
		HideSolutionNode = FALSE
	EndGlobalSection
	GlobalSection(ExtensibilityGlobals) = postSolution
		SolutionGuid = {9E62B1E8-A34E-490D-8FCB-C7CB8EA1FF17}
	EndGlobalSection
EndGlobal
